
Microsoft Visual Studio Solution File, Format Version 12.00
# Visual Studio Version 17
VisualStudioVersion = 17.1.32328.378
MinimumVisualStudioVersion = 10.0.40219.1
Project("{FAE04EC0-301F-11D3-BF4B-00C04F79EFBC}") = "ConsoleApp1", "ConsoleApp1\ConsoleApp1.csproj", "{D93BB802-1DB6-4F9D-8A03-5FE0C4B0351A}"
EndProject
Global
	GlobalSection(SolutionConfigurationPlatforms) = preSolution
		Debug|Any CPU = Debug|Any CPU
		Release|Any CPU = Release|Any CPU
	EndGlobalSection
	GlobalSection(ProjectConfigurationPlatforms) = postSolution
		{D93BB802-1DB6-4F9D-8A03-5FE0C4B0351A}.Debug|Any CPU.ActiveCfg = Debug|Any CPU
		{D93BB802-1DB6-4F9D-8A03-5FE0C4B0351A}.Debug|Any CPU.Build.0 = Debug|Any CPU
		{D93BB802-1DB6-4F9D-8A03-5FE0C4B0351A}.Release|Any CPU.ActiveCfg = Release|Any CPU
		{D93BB802-1DB6-4F9D-8A03-5FE0C4B0351A}.Release|Any CPU.Build.0 = Release|Any CPU
	EndGlobalSection
	GlobalSection(SolutionProperties) = preSolution
		HideSolutionNode = FALSE
	EndGlobalSection
	GlobalSection(ExtensibilityGlobals) = postSolution
		SolutionGuid = {307207F8-2715-4EC0-BA91-0063A8B0295D}
	EndGlobalSection
EndGlobal
